
Microsoft Visual Studio Solution File, Format Version 12.00
# Visual Studio Version 16
VisualStudioVersion = 25.0.1705.0
MinimumVisualStudioVersion = 10.0.40219.1
Project("{FAE04EC0-301F-11D3-BF4B-00C04F79EFBC}") = "CsvInsert", "CsvInsert.csproj", "{17CA8DA5-BD07-481D-8142-BBE05D989C23}"
EndProject
Global
	GlobalSection(SolutionConfigurationPlatforms) = preSolution
		Debug|Any CPU = Debug|Any CPU
		Release|Any CPU = Release|Any CPU
	EndGlobalSection
	GlobalSection(ProjectConfigurationPlatforms) = postSolution
		{17CA8DA5-BD07-481D-8142-BBE05D989C23}.Debug|Any CPU.ActiveCfg = Debug|Any CPU
		{17CA8DA5-BD07-481D-8142-BBE05D989C23}.Debug|Any CPU.Build.0 = Debug|Any CPU
		{17CA8DA5-BD07-481D-8142-BBE05D989C23}.Release|Any CPU.ActiveCfg = Release|Any CPU
		{17CA8DA5-BD07-481D-8142-BBE05D989C23}.Release|Any CPU.Build.0 = Release|Any CPU
	EndGlobalSection
	GlobalSection(SolutionProperties) = preSolution
		HideSolutionNode = FALSE
	EndGlobalSection
	GlobalSection(ExtensibilityGlobals) = postSolution
		SolutionGuid = {C9614A6B-52D5-49C7-9271-651779C90F1D}
	EndGlobalSection
EndGlobal
